
Microsoft Visual Studio Solution File, Format Version 12.00
# Visual Studio 2013
VisualStudioVersion = 12.0.31101.0
MinimumVisualStudioVersion = 10.0.40219.1
Project("{FAE04EC0-301F-11D3-BF4B-00C04F79EFBC}") = "DemoChat", "DemoChat\DemoChat.csproj", "{5223FA20-0125-487B-A48C-804CC4F05C7F}"
EndProject
Project("{FAE04EC0-301F-11D3-BF4B-00C04F79EFBC}") = "DemoGame", "DemoGame\DemoGame.csproj", "{63D18338-EDE5-4873-B4CB-EE2347231D85}"
EndProject
Project("{FAE04EC0-301F-11D3-BF4B-00C04F79EFBC}") = "DemoDash", "DemoDash\DemoDash.csproj", "{C5B4DE60-CC15-47C2-8A17-B14CD35BAE8A}"
EndProject
Project("{FAE04EC0-301F-11D3-BF4B-00C04F79EFBC}") = "DemoDashClient", "DemoDashClient\DemoDashClient.csproj", "{F7A9FA07-D957-4F1C-8820-B5B069C68B82}"
EndProject
Global
	GlobalSection(SolutionConfigurationPlatforms) = preSolution
		Debug|Any CPU = Debug|Any CPU
		Release|Any CPU = Release|Any CPU
	EndGlobalSection
	GlobalSection(ProjectConfigurationPlatforms) = postSolution
		{5223FA20-0125-487B-A48C-804CC4F05C7F}.Debug|Any CPU.ActiveCfg = Debug|Any CPU
		{5223FA20-0125-487B-A48C-804CC4F05C7F}.Debug|Any CPU.Build.0 = Debug|Any CPU
		{5223FA20-0125-487B-A48C-804CC4F05C7F}.Release|Any CPU.ActiveCfg = Release|Any CPU
		{5223FA20-0125-487B-A48C-804CC4F05C7F}.Release|Any CPU.Build.0 = Release|Any CPU
		{63D18338-EDE5-4873-B4CB-EE2347231D85}.Debug|Any CPU.ActiveCfg = Debug|Any CPU
		{63D18338-EDE5-4873-B4CB-EE2347231D85}.Debug|Any CPU.Build.0 = Debug|Any CPU
		{63D18338-EDE5-4873-B4CB-EE2347231D85}.Release|Any CPU.ActiveCfg = Release|Any CPU
		{63D18338-EDE5-4873-B4CB-EE2347231D85}.Release|Any CPU.Build.0 = Release|Any CPU
		{C5B4DE60-CC15-47C2-8A17-B14CD35BAE8A}.Debug|Any CPU.ActiveCfg = Debug|Any CPU
		{C5B4DE60-CC15-47C2-8A17-B14CD35BAE8A}.Debug|Any CPU.Build.0 = Debug|Any CPU
		{C5B4DE60-CC15-47C2-8A17-B14CD35BAE8A}.Release|Any CPU.ActiveCfg = Release|Any CPU
		{C5B4DE60-CC15-47C2-8A17-B14CD35BAE8A}.Release|Any CPU.Build.0 = Release|Any CPU
		{F7A9FA07-D957-4F1C-8820-B5B069C68B82}.Debug|Any CPU.ActiveCfg = Debug|Any CPU
		{F7A9FA07-D957-4F1C-8820-B5B069C68B82}.Debug|Any CPU.Build.0 = Debug|Any CPU
		{F7A9FA07-D957-4F1C-8820-B5B069C68B82}.Release|Any CPU.ActiveCfg = Release|Any CPU
		{F7A9FA07-D957-4F1C-8820-B5B069C68B82}.Release|Any CPU.Build.0 = Release|Any CPU
	EndGlobalSection
	GlobalSection(SolutionProperties) = preSolution
		HideSolutionNode = FALSE
	EndGlobalSection
EndGlobal
